
Microsoft Visual Studio Solution File, Format Version 12.00
# Visual Studio Version 17
VisualStudioVersion = 17.14.37012.4 d17.14
MinimumVisualStudioVersion = 10.0.40219.1
Project("{F184B08F-C81C-45F6-A57F-5ABD9991F28F}") = "Knight's Tour", "Knight's Tour\Knight's Tour.vbproj", "{DD8D4B41-7579-4A79-85F1-3475CDF1C2C7}"
EndProject
Global
	GlobalSection(SolutionConfigurationPlatforms) = preSolution
		Debug|Any CPU = Debug|Any CPU
		Release|Any CPU = Release|Any CPU
	EndGlobalSection
	GlobalSection(ProjectConfigurationPlatforms) = postSolution
		{DD8D4B41-7579-4A79-85F1-3475CDF1C2C7}.Debug|Any CPU.ActiveCfg = Debug|Any CPU
		{DD8D4B41-7579-4A79-85F1-3475CDF1C2C7}.Debug|Any CPU.Build.0 = Debug|Any CPU
		{DD8D4B41-7579-4A79-85F1-3475CDF1C2C7}.Release|Any CPU.ActiveCfg = Release|Any CPU
		{DD8D4B41-7579-4A79-85F1-3475CDF1C2C7}.Release|Any CPU.Build.0 = Release|Any CPU
	EndGlobalSection
	GlobalSection(SolutionProperties) = preSolution
		HideSolutionNode = FALSE
	EndGlobalSection
	GlobalSection(ExtensibilityGlobals) = postSolution
		SolutionGuid = {52D600F4-8B6A-4A05-B7A3-D56356B4DFFD}
	EndGlobalSection
EndGlobal
